
Microsoft Visual Studio Solution File, Format Version 12.00
Project("{FAE04EC0-301F-11D3-BF4B-00C04F79EFBC}") = "ConsoleP2PChat", "ConsoleP2PChat\ConsoleP2PChat.csproj", "{92171518-5DB0-48FE-87A9-ED3889AB4D1B}"
EndProject
Global
	GlobalSection(SolutionConfigurationPlatforms) = preSolution
		Debug|Any CPU = Debug|Any CPU
		Release|Any CPU = Release|Any CPU
	EndGlobalSection
	GlobalSection(ProjectConfigurationPlatforms) = postSolution
		{92171518-5DB0-48FE-87A9-ED3889AB4D1B}.Debug|Any CPU.ActiveCfg = Debug|Any CPU
		{92171518-5DB0-48FE-87A9-ED3889AB4D1B}.Debug|Any CPU.Build.0 = Debug|Any CPU
		{92171518-5DB0-48FE-87A9-ED3889AB4D1B}.Release|Any CPU.ActiveCfg = Release|Any CPU
		{92171518-5DB0-48FE-87A9-ED3889AB4D1B}.Release|Any CPU.Build.0 = Release|Any CPU
	EndGlobalSection
EndGlobal
